// !$*UTF8*$!
{
	archiveVersion = 1;
	classes = {
	};
	objectVersion = 77;
	objects = {

/* Begin PBXBuildFile section */
		C23F74A12DD7104F00F787DF /* HubApp.swift in Sources */ = {isa = PBXBuildFile; fileRef = C23F749B2DD7104F00F787DF /* HubApp.swift */; };
		C23F74A22DD7104F00F787DF /* Preview Assets.xcassets in Resources */ = {isa = PBXBuildFile; fileRef = C23F74982DD7104F00F787DF /* Preview Assets.xcassets */; };
		C23F74A32DD7104F00F787DF /* Assets.xcassets in Resources */ = {isa = PBXBuildFile; fileRef = C23F749A2DD7104F00F787DF /* Assets.xcassets */; };
		C26258792DCA98E000F382C5 /* DesignSettingsView.swift in Sources */ = {isa = PBXBuildFile; fileRef = C26258782DCA98E000F382C5 /* DesignSettingsView.swift */; };
		C262587B2DCAA6C800F382C5 /* TabBarSettingsView.swift in Sources */ = {isa = PBXBuildFile; fileRef = C262587A2DCAA6C800F382C5 /* TabBarSettingsView.swift */; };
		C26258812DCFD45000F382C5 /* MockProject.swift in Sources */ = {isa = PBXBuildFile; fileRef = C26258802DCFD45000F382C5 /* MockProject.swift */; };
		C2889C572DC40CC4007A597C /* FloatingTabView.swift in Sources */ = {isa = PBXBuildFile; fileRef = C2889C562DC40CC4007A597C /* FloatingTabView.swift */; };
		C28B1CA02DD140E500D91B0A /* DisintegrationEffect.swift in Sources */ = {isa = PBXBuildFile; fileRef = C28B1C9F2DD140E500D91B0A /* DisintegrationEffect.swift */; };
		C28B1CA22DD1410B00D91B0A /* Snapshot.swift in Sources */ = {isa = PBXBuildFile; fileRef = C28B1CA12DD1410B00D91B0A /* Snapshot.swift */; };
		C28B1CA42DD1416800D91B0A /* Example.swift in Sources */ = {isa = PBXBuildFile; fileRef = C28B1CA32DD1416800D91B0A /* Example.swift */; };
		C2AC2FAC2DC1334F00564A26 /* ProfileImageView.swift in Sources */ = {isa = PBXBuildFile; fileRef = C2AC2F9B2DC1334F00564A26 /* ProfileImageView.swift */; };
		C2AC2FAD2DC1334F00564A26 /* RegistrationView.swift in Sources */ = {isa = PBXBuildFile; fileRef = C2AC2F7E2DC1334F00564A26 /* RegistrationView.swift */; };
		C2AC2FAE2DC1334F00564A26 /* AuthService.swift in Sources */ = {isa = PBXBuildFile; fileRef = C2AC2F8C2DC1334F00564A26 /* AuthService.swift */; };
		C2AC2FAF2DC1334F00564A26 /* ContactsTabItem.swift in Sources */ = {isa = PBXBuildFile; fileRef = C2AC2F9A2DC1334F00564A26 /* ContactsTabItem.swift */; };
		C2AC2FB32DC1334F00564A26 /* Message.swift in Sources */ = {isa = PBXBuildFile; fileRef = C2AC2F992DC1334F00564A26 /* Message.swift */; };
		C2AC2FB42DC1334F00564A26 /* MainProfileViewModel.swift in Sources */ = {isa = PBXBuildFile; fileRef = C2AC2F982DC1334F00564A26 /* MainProfileViewModel.swift */; };
		C2AC2FB62DC1334F00564A26 /* LoginViewModel.swift in Sources */ = {isa = PBXBuildFile; fileRef = C2AC2F7B2DC1334F00564A26 /* LoginViewModel.swift */; };
		C2AC2FB72DC1334F00564A26 /* MainProfileView.swift in Sources */ = {isa = PBXBuildFile; fileRef = C2AC2F972DC1334F00564A26 /* MainProfileView.swift */; };
		C2AC2FB82DC1334F00564A26 /* LoginView.swift in Sources */ = {isa = PBXBuildFile; fileRef = C2AC2F7A2DC1334F00564A26 /* LoginView.swift */; };
		C2AC2FBA2DC1334F00564A26 /* MainTabView.swift in Sources */ = {isa = PBXBuildFile; fileRef = C2AC2F962DC1334F00564A26 /* MainTabView.swift */; };
		C2AC2FBD2DC1334F00564A26 /* ChatRawView.swift in Sources */ = {isa = PBXBuildFile; fileRef = C2AC2F952DC1334F00564A26 /* ChatRawView.swift */; };
		C2AC2FBF2DC1334F00564A26 /* CustomTextField.swift in Sources */ = {isa = PBXBuildFile; fileRef = C2AC2F862DC1334F00564A26 /* CustomTextField.swift */; };
		C2AC2FC02DC1334F00564A26 /* ContentViewModel.swift in Sources */ = {isa = PBXBuildFile; fileRef = C2AC2F942DC1334F00564A26 /* ContentViewModel.swift */; };
		C2AC2FC22DC1334F00564A26 /* ContentView.swift in Sources */ = {isa = PBXBuildFile; fileRef = C2AC2F932DC1334F00564A26 /* ContentView.swift */; };
		C2AC2FC32DC1334F00564A26 /* ChatView.swift in Sources */ = {isa = PBXBuildFile; fileRef = C2AC2F922DC1334F00564A26 /* ChatView.swift */; };
		C2AC2FC52DC1334F00564A26 /* ChatMessageCell.swift in Sources */ = {isa = PBXBuildFile; fileRef = C2AC2F912DC1334F00564A26 /* ChatMessageCell.swift */; };
		C2AC2FC72DC1334F00564A26 /* ChatBubbleShape.swift in Sources */ = {isa = PBXBuildFile; fileRef = C2AC2F902DC1334F00564A26 /* ChatBubbleShape.swift */; };
		C2AC2FC82DC1334F00564A26 /* User.swift in Sources */ = {isa = PBXBuildFile; fileRef = C2AC2F9E2DC1334F00564A26 /* User.swift */; };
		C2AC2FCA2DC1334F00564A26 /* ActiveNow.swift in Sources */ = {isa = PBXBuildFile; fileRef = C2AC2F8F2DC1334F00564A26 /* ActiveNow.swift */; };
		C2AC2FCB2DC1334F00564A26 /* SettingsTabItem.swift in Sources */ = {isa = PBXBuildFile; fileRef = C2AC2F9D2DC1334F00564A26 /* SettingsTabItem.swift */; };
		C2AC2FCD2DC1334F00564A26 /* RegistrationViewModel.swift in Sources */ = {isa = PBXBuildFile; fileRef = C2AC2F7F2DC1334F00564A26 /* RegistrationViewModel.swift */; };
		C2AC2FDA2DC13A8700564A26 /* Enums.swift in Sources */ = {isa = PBXBuildFile; fileRef = C2AC2FD92DC13A8700564A26 /* Enums.swift */; };
		C2AC2FDD2DC13B4A00564A26 /* ChatTabItem.swift in Sources */ = {isa = PBXBuildFile; fileRef = C2AC2FDC2DC13B4A00564A26 /* ChatTabItem.swift */; };
		C2AC2FDF2DC13C6B00564A26 /* Extensions.swift in Sources */ = {isa = PBXBuildFile; fileRef = C2AC2FDE2DC13C6B00564A26 /* Extensions.swift */; };
		C2AC2FE12DC13DFD00564A26 /* ChatTabItemViewModel.swift in Sources */ = {isa = PBXBuildFile; fileRef = C2AC2FE02DC13DFD00564A26 /* ChatTabItemViewModel.swift */; };
		C2AC2FE32DC13E4C00564A26 /* Constants.swift in Sources */ = {isa = PBXBuildFile; fileRef = C2AC2FE22DC13E4C00564A26 /* Constants.swift */; };
		C2AC2FED2DC154F000564A26 /* SettingsViewModel.swift in Sources */ = {isa = PBXBuildFile; fileRef = C2AC2FEC2DC154F000564A26 /* SettingsViewModel.swift */; };
		C2B447992DC9154B00E8E92F /* Toast.swift in Sources */ = {isa = PBXBuildFile; fileRef = C2B447982DC9154B00E8E92F /* Toast.swift */; };
/* End PBXBuildFile section */

/* Begin PBXFileReference section */
		868C0A992DA2E18500B1007E /* Hub.app */ = {isa = PBXFileReference; explicitFileType = wrapper.application; includeInIndex = 0; path = Hub.app; sourceTree = BUILT_PRODUCTS_DIR; };
		C23F74982DD7104F00F787DF /* Preview Assets.xcassets */ = {isa = PBXFileReference; lastKnownFileType = folder.assetcatalog; path = "Preview Assets.xcassets"; sourceTree = "<group>"; };
		C23F749A2DD7104F00F787DF /* Assets.xcassets */ = {isa = PBXFileReference; lastKnownFileType = folder.assetcatalog; path = Assets.xcassets; sourceTree = "<group>"; };
		C23F749B2DD7104F00F787DF /* HubApp.swift */ = {isa = PBXFileReference; lastKnownFileType = sourcecode.swift; path = HubApp.swift; sourceTree = "<group>"; };
		C26258782DCA98E000F382C5 /* DesignSettingsView.swift */ = {isa = PBXFileReference; lastKnownFileType = sourcecode.swift; path = DesignSettingsView.swift; sourceTree = "<group>"; };
		C262587A2DCAA6C800F382C5 /* TabBarSettingsView.swift */ = {isa = PBXFileReference; lastKnownFileType = sourcecode.swift; path = TabBarSettingsView.swift; sourceTree = "<group>"; };
		C26258802DCFD45000F382C5 /* MockProject.swift */ = {isa = PBXFileReference; lastKnownFileType = sourcecode.swift; path = MockProject.swift; sourceTree = "<group>"; };
		C2889C562DC40CC4007A597C /* FloatingTabView.swift */ = {isa = PBXFileReference; lastKnownFileType = sourcecode.swift; path = FloatingTabView.swift; sourceTree = "<group>"; };
		C28B1C9F2DD140E500D91B0A /* DisintegrationEffect.swift */ = {isa = PBXFileReference; lastKnownFileType = sourcecode.swift; path = DisintegrationEffect.swift; sourceTree = "<group>"; };
		C28B1CA12DD1410B00D91B0A /* Snapshot.swift */ = {isa = PBXFileReference; lastKnownFileType = sourcecode.swift; path = Snapshot.swift; sourceTree = "<group>"; };
		C28B1CA32DD1416800D91B0A /* Example.swift */ = {isa = PBXFileReference; lastKnownFileType = sourcecode.swift; path = Example.swift; sourceTree = "<group>"; };
		C2AC2F7A2DC1334F00564A26 /* LoginView.swift */ = {isa = PBXFileReference; lastKnownFileType = sourcecode.swift; path = LoginView.swift; sourceTree = "<group>"; };
		C2AC2F7B2DC1334F00564A26 /* LoginViewModel.swift */ = {isa = PBXFileReference; lastKnownFileType = sourcecode.swift; path = LoginViewModel.swift; sourceTree = "<group>"; };
		C2AC2F7E2DC1334F00564A26 /* RegistrationView.swift */ = {isa = PBXFileReference; lastKnownFileType = sourcecode.swift; path = RegistrationView.swift; sourceTree = "<group>"; };
		C2AC2F7F2DC1334F00564A26 /* RegistrationViewModel.swift */ = {isa = PBXFileReference; lastKnownFileType = sourcecode.swift; path = RegistrationViewModel.swift; sourceTree = "<group>"; };
		C2AC2F862DC1334F00564A26 /* CustomTextField.swift */ = {isa = PBXFileReference; lastKnownFileType = sourcecode.swift; path = CustomTextField.swift; sourceTree = "<group>"; };
		C2AC2F8C2DC1334F00564A26 /* AuthService.swift */ = {isa = PBXFileReference; lastKnownFileType = sourcecode.swift; path = AuthService.swift; sourceTree = "<group>"; };
		C2AC2F8F2DC1334F00564A26 /* ActiveNow.swift */ = {isa = PBXFileReference; lastKnownFileType = sourcecode.swift; path = ActiveNow.swift; sourceTree = "<group>"; };
		C2AC2F902DC1334F00564A26 /* ChatBubbleShape.swift */ = {isa = PBXFileReference; lastKnownFileType = sourcecode.swift; path = ChatBubbleShape.swift; sourceTree = "<group>"; };
		C2AC2F912DC1334F00564A26 /* ChatMessageCell.swift */ = {isa = PBXFileReference; lastKnownFileType = sourcecode.swift; path = ChatMessageCell.swift; sourceTree = "<group>"; };
		C2AC2F922DC1334F00564A26 /* ChatView.swift */ = {isa = PBXFileReference; lastKnownFileType = sourcecode.swift; path = ChatView.swift; sourceTree = "<group>"; };
		C2AC2F932DC1334F00564A26 /* ContentView.swift */ = {isa = PBXFileReference; lastKnownFileType = sourcecode.swift; path = ContentView.swift; sourceTree = "<group>"; };
		C2AC2F942DC1334F00564A26 /* ContentViewModel.swift */ = {isa = PBXFileReference; lastKnownFileType = sourcecode.swift; path = ContentViewModel.swift; sourceTree = "<group>"; };
		C2AC2F952DC1334F00564A26 /* ChatRawView.swift */ = {isa = PBXFileReference; lastKnownFileType = sourcecode.swift; path = ChatRawView.swift; sourceTree = "<group>"; };
		C2AC2F962DC1334F00564A26 /* MainTabView.swift */ = {isa = PBXFileReference; lastKnownFileType = sourcecode.swift; path = MainTabView.swift; sourceTree = "<group>"; };
		C2AC2F972DC1334F00564A26 /* MainProfileView.swift */ = {isa = PBXFileReference; lastKnownFileType = sourcecode.swift; path = MainProfileView.swift; sourceTree = "<group>"; };
		C2AC2F982DC1334F00564A26 /* MainProfileViewModel.swift */ = {isa = PBXFileReference; lastKnownFileType = sourcecode.swift; path = MainProfileViewModel.swift; sourceTree = "<group>"; };
		C2AC2F992DC1334F00564A26 /* Message.swift */ = {isa = PBXFileReference; lastKnownFileType = sourcecode.swift; path = Message.swift; sourceTree = "<group>"; };
		C2AC2F9A2DC1334F00564A26 /* ContactsTabItem.swift */ = {isa = PBXFileReference; lastKnownFileType = sourcecode.swift; path = ContactsTabItem.swift; sourceTree = "<group>"; };
		C2AC2F9B2DC1334F00564A26 /* ProfileImageView.swift */ = {isa = PBXFileReference; lastKnownFileType = sourcecode.swift; path = ProfileImageView.swift; sourceTree = "<group>"; };
		C2AC2F9D2DC1334F00564A26 /* SettingsTabItem.swift */ = {isa = PBXFileReference; lastKnownFileType = sourcecode.swift; path = SettingsTabItem.swift; sourceTree = "<group>"; };
		C2AC2F9E2DC1334F00564A26 /* User.swift */ = {isa = PBXFileReference; lastKnownFileType = sourcecode.swift; path = User.swift; sourceTree = "<group>"; };
		C2AC2FD92DC13A8700564A26 /* Enums.swift */ = {isa = PBXFileReference; lastKnownFileType = sourcecode.swift; path = Enums.swift; sourceTree = "<group>"; };
		C2AC2FDC2DC13B4A00564A26 /* ChatTabItem.swift */ = {isa = PBXFileReference; lastKnownFileType = sourcecode.swift; path = ChatTabItem.swift; sourceTree = "<group>"; };
		C2AC2FDE2DC13C6B00564A26 /* Extensions.swift */ = {isa = PBXFileReference; lastKnownFileType = sourcecode.swift; path = Extensions.swift; sourceTree = "<group>"; };
		C2AC2FE02DC13DFD00564A26 /* ChatTabItemViewModel.swift */ = {isa = PBXFileReference; lastKnownFileType = sourcecode.swift; path = ChatTabItemViewModel.swift; sourceTree = "<group>"; };
		C2AC2FE22DC13E4C00564A26 /* Constants.swift */ = {isa = PBXFileReference; lastKnownFileType = sourcecode.swift; path = Constants.swift; sourceTree = "<group>"; };
		C2AC2FEC2DC154F000564A26 /* SettingsViewModel.swift */ = {isa = PBXFileReference; lastKnownFileType = sourcecode.swift; path = SettingsViewModel.swift; sourceTree = "<group>"; };
		C2B447982DC9154B00E8E92F /* Toast.swift */ = {isa = PBXFileReference; lastKnownFileType = sourcecode.swift; path = Toast.swift; sourceTree = "<group>"; };
/* End PBXFileReference section */

/* Begin PBXFrameworksBuildPhase section */
		868C0A962DA2E18500B1007E /* Frameworks */ = {
			isa = PBXFrameworksBuildPhase;
			buildActionMask = 2147483647;
			files = (
			);
			runOnlyForDeploymentPostprocessing = 0;
		};
/* End PBXFrameworksBuildPhase section */

/* Begin PBXGroup section */
		868C0A902DA2E18500B1007E = {
			isa = PBXGroup;
			children = (
				C23F749D2DD7104F00F787DF /* Hub */,
				868C0A9A2DA2E18500B1007E /* Products */,
			);
			sourceTree = "<group>";
		};
		868C0A9A2DA2E18500B1007E /* Products */ = {
			isa = PBXGroup;
			children = (
				868C0A992DA2E18500B1007E /* Hub.app */,
			);
			name = Products;
			sourceTree = "<group>";
		};
		C23F74992DD7104F00F787DF /* Preview Content */ = {
			isa = PBXGroup;
			children = (
				C23F74982DD7104F00F787DF /* Preview Assets.xcassets */,
			);
			path = "Preview Content";
			sourceTree = "<group>";
		};
		C23F749D2DD7104F00F787DF /* Hub */ = {
			isa = PBXGroup;
			children = (
				C23F749B2DD7104F00F787DF /* HubApp.swift */,
				C2AC2FCF2DC1370F00564A26 /* Model */,
				C2AC2FD02DC1375200564A26 /* View */,
				C2AC2FD22DC137A100564A26 /* ViewModel */,
				C2AC2FD62DC1387500564A26 /* Components */,
				C23F74A52DD7292400F787DF /* Features */,
				C23F74992DD7104F00F787DF /* Preview Content */,
				C23F749A2DD7104F00F787DF /* Assets.xcassets */,
			);
			path = Hub;
			sourceTree = "<group>";
		};
		C23F74A52DD7292400F787DF /* Features */ = {
			isa = PBXGroup;
			children = (
				C28B1C9E2DD140C400D91B0A /* ThanosEffect */,
				C2AC2F8F2DC1334F00564A26 /* ActiveNow.swift */,
				C26258802DCFD45000F382C5 /* MockProject.swift */,
			);
			path = Features;
			sourceTree = "<group>";
		};
		C23F74A62DD72AE000F787DF /* ContactsView */ = {
			isa = PBXGroup;
			children = (
				C2AC2F9A2DC1334F00564A26 /* ContactsTabItem.swift */,
			);
			path = ContactsView;
			sourceTree = "<group>";
		};
		C28B1C9E2DD140C400D91B0A /* ThanosEffect */ = {
			isa = PBXGroup;
			children = (
				C28B1C9F2DD140E500D91B0A /* DisintegrationEffect.swift */,
				C28B1CA12DD1410B00D91B0A /* Snapshot.swift */,
				C28B1CA32DD1416800D91B0A /* Example.swift */,
			);
			path = ThanosEffect;
			sourceTree = "<group>";
		};
		C2AC2FCF2DC1370F00564A26 /* Model */ = {
			isa = PBXGroup;
			children = (
				C2AC2F8C2DC1334F00564A26 /* AuthService.swift */,
				C2AC2F9E2DC1334F00564A26 /* User.swift */,
				C2AC2F992DC1334F00564A26 /* Message.swift */,
				C2AC2FD92DC13A8700564A26 /* Enums.swift */,
				C2AC2FDE2DC13C6B00564A26 /* Extensions.swift */,
				C2AC2FE22DC13E4C00564A26 /* Constants.swift */,
				C2B447982DC9154B00E8E92F /* Toast.swift */,
			);
			path = Model;
			sourceTree = "<group>";
		};
		C2AC2FD02DC1375200564A26 /* View */ = {
			isa = PBXGroup;
			children = (
				C2AC2F932DC1334F00564A26 /* ContentView.swift */,
				C2AC2FD32DC1380B00564A26 /* LoginView */,
				C2AC2FD42DC1381300564A26 /* RegistrationView */,
				C2AC2FD52DC1381E00564A26 /* MainTabView */,
				C2AC2FDB2DC13B2400564A26 /* ChatsView */,
				C2AC2FD72DC13A0100564A26 /* SettingsView */,
				C23F74A62DD72AE000F787DF /* ContactsView */,
				C2AC2FEE2DC1554200564A26 /* ProfileView */,
			);
			path = View;
			sourceTree = "<group>";
		};
		C2AC2FD22DC137A100564A26 /* ViewModel */ = {
			isa = PBXGroup;
			children = (
				C2AC2F942DC1334F00564A26 /* ContentViewModel.swift */,
				C2AC2F7B2DC1334F00564A26 /* LoginViewModel.swift */,
				C2AC2F7F2DC1334F00564A26 /* RegistrationViewModel.swift */,
				C2AC2F982DC1334F00564A26 /* MainProfileViewModel.swift */,
				C2AC2FE02DC13DFD00564A26 /* ChatTabItemViewModel.swift */,
				C2AC2FEC2DC154F000564A26 /* SettingsViewModel.swift */,
			);
			path = ViewModel;
			sourceTree = "<group>";
		};
		C2AC2FD32DC1380B00564A26 /* LoginView */ = {
			isa = PBXGroup;
			children = (
				C2AC2F7A2DC1334F00564A26 /* LoginView.swift */,
			);
			path = LoginView;
			sourceTree = "<group>";
		};
		C2AC2FD42DC1381300564A26 /* RegistrationView */ = {
			isa = PBXGroup;
			children = (
				C2AC2F7E2DC1334F00564A26 /* RegistrationView.swift */,
			);
			path = RegistrationView;
			sourceTree = "<group>";
		};
		C2AC2FD52DC1381E00564A26 /* MainTabView */ = {
			isa = PBXGroup;
			children = (
				C2AC2F962DC1334F00564A26 /* MainTabView.swift */,
			);
			path = MainTabView;
			sourceTree = "<group>";
		};
		C2AC2FD62DC1387500564A26 /* Components */ = {
			isa = PBXGroup;
			children = (
				C2AC2F862DC1334F00564A26 /* CustomTextField.swift */,
				C2AC2F902DC1334F00564A26 /* ChatBubbleShape.swift */,
				C2889C562DC40CC4007A597C /* FloatingTabView.swift */,
			);
			path = Components;
			sourceTree = "<group>";
		};
		C2AC2FD72DC13A0100564A26 /* SettingsView */ = {
			isa = PBXGroup;
			children = (
				C2AC2F9D2DC1334F00564A26 /* SettingsTabItem.swift */,
				C26258782DCA98E000F382C5 /* DesignSettingsView.swift */,
				C262587A2DCAA6C800F382C5 /* TabBarSettingsView.swift */,
			);
			path = SettingsView;
			sourceTree = "<group>";
		};
		C2AC2FDB2DC13B2400564A26 /* ChatsView */ = {
			isa = PBXGroup;
			children = (
				C2AC2FDC2DC13B4A00564A26 /* ChatTabItem.swift */,
				C2AC2F922DC1334F00564A26 /* ChatView.swift */,
				C2AC2F952DC1334F00564A26 /* ChatRawView.swift */,
				C2AC2F912DC1334F00564A26 /* ChatMessageCell.swift */,
			);
			path = ChatsView;
			sourceTree = "<group>";
		};
		C2AC2FEE2DC1554200564A26 /* ProfileView */ = {
			isa = PBXGroup;
			children = (
				C2AC2F972DC1334F00564A26 /* MainProfileView.swift */,
				C2AC2F9B2DC1334F00564A26 /* ProfileImageView.swift */,
			);
			path = ProfileView;
			sourceTree = "<group>";
		};
/* End PBXGroup section */

/* Begin PBXNativeTarget section */
		868C0A982DA2E18500B1007E /* Hub */ = {
			isa = PBXNativeTarget;
			buildConfigurationList = 868C0AA72DA2E18900B1007E /* Build configuration list for PBXNativeTarget "Hub" */;
			buildPhases = (
				868C0A952DA2E18500B1007E /* Sources */,
				868C0A962DA2E18500B1007E /* Frameworks */,
				868C0A972DA2E18500B1007E /* Resources */,
			);
			buildRules = (
			);
			dependencies = (
			);
			name = Hub;
			packageProductDependencies = (
			);
			productName = Hub;
			productReference = 868C0A992DA2E18500B1007E /* Hub.app */;
			productType = "com.apple.product-type.application";
		};
/* End PBXNativeTarget section */

/* Begin PBXProject section */
		868C0A912DA2E18500B1007E /* Project object */ = {
			isa = PBXProject;
			attributes = {
				BuildIndependentTargetsInParallel = 1;
				LastSwiftUpdateCheck = 1620;
				LastUpgradeCheck = 1620;
				TargetAttributes = {
					868C0A982DA2E18500B1007E = {
						CreatedOnToolsVersion = 16.2;
					};
				};
			};
			buildConfigurationList = 868C0A942DA2E18500B1007E /* Build configuration list for PBXProject "Hub" */;
			developmentRegion = en;
			hasScannedForEncodings = 0;
			knownRegions = (
				en,
				Base,
			);
			mainGroup = 868C0A902DA2E18500B1007E;
			minimizedProjectReferenceProxies = 1;
			preferredProjectObjectVersion = 77;
			productRefGroup = 868C0A9A2DA2E18500B1007E /* Products */;
			projectDirPath = "";
			projectRoot = "";
			targets = (
				868C0A982DA2E18500B1007E /* Hub */,
			);
		};
/* End PBXProject section */

/* Begin PBXResourcesBuildPhase section */
		868C0A972DA2E18500B1007E /* Resources */ = {
			isa = PBXResourcesBuildPhase;
			buildActionMask = 2147483647;
			files = (
				C23F74A22DD7104F00F787DF /* Preview Assets.xcassets in Resources */,
				C23F74A32DD7104F00F787DF /* Assets.xcassets in Resources */,
			);
			runOnlyForDeploymentPostprocessing = 0;
		};
/* End PBXResourcesBuildPhase section */

/* Begin PBXSourcesBuildPhase section */
		868C0A952DA2E18500B1007E /* Sources */ = {
			isa = PBXSourcesBuildPhase;
			buildActionMask = 2147483647;
			files = (
				C2AC2FAC2DC1334F00564A26 /* ProfileImageView.swift in Sources */,
				C2AC2FAD2DC1334F00564A26 /* RegistrationView.swift in Sources */,
				C2AC2FAE2DC1334F00564A26 /* AuthService.swift in Sources */,
				C2AC2FAF2DC1334F00564A26 /* ContactsTabItem.swift in Sources */,
				C2AC2FDD2DC13B4A00564A26 /* ChatTabItem.swift in Sources */,
				C28B1CA22DD1410B00D91B0A /* Snapshot.swift in Sources */,
				C2AC2FE32DC13E4C00564A26 /* Constants.swift in Sources */,
				C2889C572DC40CC4007A597C /* FloatingTabView.swift in Sources */,
				C2AC2FED2DC154F000564A26 /* SettingsViewModel.swift in Sources */,
				C2AC2FB32DC1334F00564A26 /* Message.swift in Sources */,
				C2AC2FB42DC1334F00564A26 /* MainProfileViewModel.swift in Sources */,
				C2AC2FB62DC1334F00564A26 /* LoginViewModel.swift in Sources */,
				C2AC2FB72DC1334F00564A26 /* MainProfileView.swift in Sources */,
				C2AC2FB82DC1334F00564A26 /* LoginView.swift in Sources */,
				C2AC2FBA2DC1334F00564A26 /* MainTabView.swift in Sources */,
				C2AC2FBD2DC1334F00564A26 /* ChatRawView.swift in Sources */,
				C2AC2FBF2DC1334F00564A26 /* CustomTextField.swift in Sources */,
				C2AC2FC02DC1334F00564A26 /* ContentViewModel.swift in Sources */,
				C262587B2DCAA6C800F382C5 /* TabBarSettingsView.swift in Sources */,
				C2AC2FC22DC1334F00564A26 /* ContentView.swift in Sources */,
				C2AC2FDA2DC13A8700564A26 /* Enums.swift in Sources */,
				C2AC2FC32DC1334F00564A26 /* ChatView.swift in Sources */,
				C2AC2FC52DC1334F00564A26 /* ChatMessageCell.swift in Sources */,
				C2AC2FC72DC1334F00564A26 /* ChatBubbleShape.swift in Sources */,
				C26258792DCA98E000F382C5 /* DesignSettingsView.swift in Sources */,
				C26258812DCFD45000F382C5 /* MockProject.swift in Sources */,
				C23F74A12DD7104F00F787DF /* HubApp.swift in Sources */,
				C28B1CA42DD1416800D91B0A /* Example.swift in Sources */,
				C2B447992DC9154B00E8E92F /* Toast.swift in Sources */,
				C28B1CA02DD140E500D91B0A /* DisintegrationEffect.swift in Sources */,
				C2AC2FC82DC1334F00564A26 /* User.swift in Sources */,
				C2AC2FDF2DC13C6B00564A26 /* Extensions.swift in Sources */,
				C2AC2FCA2DC1334F00564A26 /* ActiveNow.swift in Sources */,
				C2AC2FCB2DC1334F00564A26 /* SettingsTabItem.swift in Sources */,
				C2AC2FE12DC13DFD00564A26 /* ChatTabItemViewModel.swift in Sources */,
				C2AC2FCD2DC1334F00564A26 /* RegistrationViewModel.swift in Sources */,
			);
			runOnlyForDeploymentPostprocessing = 0;
		};
/* End PBXSourcesBuildPhase section */

/* Begin XCBuildConfiguration section */
		868C0AA52DA2E18900B1007E /* Debug */ = {
			isa = XCBuildConfiguration;
			buildSettings = {
				ALWAYS_SEARCH_USER_PATHS = NO;
				ASSETCATALOG_COMPILER_GENERATE_SWIFT_ASSET_SYMBOL_EXTENSIONS = YES;
				CLANG_ANALYZER_NONNULL = YES;
				CLANG_ANALYZER_NUMBER_OBJECT_CONVERSION = YES_AGGRESSIVE;
				CLANG_CXX_LANGUAGE_STANDARD = "gnu++20";
				CLANG_ENABLE_MODULES = YES;
				CLANG_ENABLE_OBJC_ARC = YES;
				CLANG_ENABLE_OBJC_WEAK = YES;
				CLANG_WARN_BLOCK_CAPTURE_AUTORELEASING = YES;
				CLANG_WARN_BOOL_CONVERSION = YES;
				CLANG_WARN_COMMA = YES;
				CLANG_WARN_CONSTANT_CONVERSION = YES;
				CLANG_WARN_DEPRECATED_OBJC_IMPLEMENTATIONS = YES;
				CLANG_WARN_DIRECT_OBJC_ISA_USAGE = YES_ERROR;
				CLANG_WARN_DOCUMENTATION_COMMENTS = YES;
				CLANG_WARN_EMPTY_BODY = YES;
				CLANG_WARN_ENUM_CONVERSION = YES;
				CLANG_WARN_INFINITE_RECURSION = YES;
				CLANG_WARN_INT_CONVERSION = YES;
				CLANG_WARN_NON_LITERAL_NULL_CONVERSION = YES;
				CLANG_WARN_OBJC_IMPLICIT_RETAIN_SELF = YES;
				CLANG_WARN_OBJC_LITERAL_CONVERSION = YES;
				CLANG_WARN_OBJC_ROOT_CLASS = YES_ERROR;
				CLANG_WARN_QUOTED_INCLUDE_IN_FRAMEWORK_HEADER = YES;
				CLANG_WARN_RANGE_LOOP_ANALYSIS = YES;
				CLANG_WARN_STRICT_PROTOTYPES = YES;
				CLANG_WARN_SUSPICIOUS_MOVE = YES;
				CLANG_WARN_UNGUARDED_AVAILABILITY = YES_AGGRESSIVE;
				CLANG_WARN_UNREACHABLE_CODE = YES;
				CLANG_WARN__DUPLICATE_METHOD_MATCH = YES;
				COPY_PHASE_STRIP = NO;
				DEBUG_INFORMATION_FORMAT = dwarf;
				ENABLE_STRICT_OBJC_MSGSEND = YES;
				ENABLE_TESTABILITY = YES;
				ENABLE_USER_SCRIPT_SANDBOXING = YES;
				GCC_C_LANGUAGE_STANDARD = gnu17;
				GCC_DYNAMIC_NO_PIC = NO;
				GCC_NO_COMMON_BLOCKS = YES;
				GCC_OPTIMIZATION_LEVEL = 0;
				GCC_PREPROCESSOR_DEFINITIONS = (
					"DEBUG=1",
					"$(inherited)",
				);
				GCC_WARN_64_TO_32_BIT_CONVERSION = YES;
				GCC_WARN_ABOUT_RETURN_TYPE = YES_ERROR;
				GCC_WARN_UNDECLARED_SELECTOR = YES;
				GCC_WARN_UNINITIALIZED_AUTOS = YES_AGGRESSIVE;
				GCC_WARN_UNUSED_FUNCTION = YES;
				GCC_WARN_UNUSED_VARIABLE = YES;
				IPHONEOS_DEPLOYMENT_TARGET = 18.2;
				LOCALIZATION_PREFERS_STRING_CATALOGS = YES;
				MTL_ENABLE_DEBUG_INFO = INCLUDE_SOURCE;
				MTL_FAST_MATH = YES;
				ONLY_ACTIVE_ARCH = YES;
				SDKROOT = iphoneos;
				SWIFT_ACTIVE_COMPILATION_CONDITIONS = "DEBUG $(inherited)";
				SWIFT_OPTIMIZATION_LEVEL = "-Onone";
			};
			name = Debug;
		};
		868C0AA62DA2E18900B1007E /* Release */ = {
			isa = XCBuildConfiguration;
			buildSettings = {
				ALWAYS_SEARCH_USER_PATHS = NO;
				ASSETCATALOG_COMPILER_GENERATE_SWIFT_ASSET_SYMBOL_EXTENSIONS = YES;
				CLANG_ANALYZER_NONNULL = YES;
				CLANG_ANALYZER_NUMBER_OBJECT_CONVERSION = YES_AGGRESSIVE;
				CLANG_CXX_LANGUAGE_STANDARD = "gnu++20";
				CLANG_ENABLE_MODULES = YES;
				CLANG_ENABLE_OBJC_ARC = YES;
				CLANG_ENABLE_OBJC_WEAK = YES;
				CLANG_WARN_BLOCK_CAPTURE_AUTORELEASING = YES;
				CLANG_WARN_BOOL_CONVERSION = YES;
				CLANG_WARN_COMMA = YES;
				CLANG_WARN_CONSTANT_CONVERSION = YES;
				CLANG_WARN_DEPRECATED_OBJC_IMPLEMENTATIONS = YES;
				CLANG_WARN_DIRECT_OBJC_ISA_USAGE = YES_ERROR;
				CLANG_WARN_DOCUMENTATION_COMMENTS = YES;
				CLANG_WARN_EMPTY_BODY = YES;
				CLANG_WARN_ENUM_CONVERSION = YES;
				CLANG_WARN_INFINITE_RECURSION = YES;
				CLANG_WARN_INT_CONVERSION = YES;
				CLANG_WARN_NON_LITERAL_NULL_CONVERSION = YES;
				CLANG_WARN_OBJC_IMPLICIT_RETAIN_SELF = YES;
				CLANG_WARN_OBJC_LITERAL_CONVERSION = YES;
				CLANG_WARN_OBJC_ROOT_CLASS = YES_ERROR;
				CLANG_WARN_QUOTED_INCLUDE_IN_FRAMEWORK_HEADER = YES;
				CLANG_WARN_RANGE_LOOP_ANALYSIS = YES;
				CLANG_WARN_STRICT_PROTOTYPES = YES;
				CLANG_WARN_SUSPICIOUS_MOVE = YES;
				CLANG_WARN_UNGUARDED_AVAILABILITY = YES_AGGRESSIVE;
				CLANG_WARN_UNREACHABLE_CODE = YES;
				CLANG_WARN__DUPLICATE_METHOD_MATCH = YES;
				COPY_PHASE_STRIP = NO;
				DEBUG_INFORMATION_FORMAT = "dwarf-with-dsym";
				ENABLE_NS_ASSERTIONS = NO;
				ENABLE_STRICT_OBJC_MSGSEND = YES;
				ENABLE_USER_SCRIPT_SANDBOXING = YES;
				GCC_C_LANGUAGE_STANDARD = gnu17;
				GCC_NO_COMMON_BLOCKS = YES;
				GCC_WARN_64_TO_32_BIT_CONVERSION = YES;
				GCC_WARN_ABOUT_RETURN_TYPE = YES_ERROR;
				GCC_WARN_UNDECLARED_SELECTOR = YES;
				GCC_WARN_UNINITIALIZED_AUTOS = YES_AGGRESSIVE;
				GCC_WARN_UNUSED_FUNCTION = YES;
				GCC_WARN_UNUSED_VARIABLE = YES;
				IPHONEOS_DEPLOYMENT_TARGET = 18.2;
				LOCALIZATION_PREFERS_STRING_CATALOGS = YES;
				MTL_ENABLE_DEBUG_INFO = NO;
				MTL_FAST_MATH = YES;
				SDKROOT = iphoneos;
				SWIFT_COMPILATION_MODE = wholemodule;
				VALIDATE_PRODUCT = YES;
			};
			name = Release;
		};
		868C0AA82DA2E18900B1007E /* Debug */ = {
			isa = XCBuildConfiguration;
			buildSettings = {
				ASSETCATALOG_COMPILER_APPICON_NAME = AppIcon;
				ASSETCATALOG_COMPILER_GLOBAL_ACCENT_COLOR_NAME = AccentColor;
				CODE_SIGN_STYLE = Automatic;
				CURRENT_PROJECT_VERSION = 1;
				DEVELOPMENT_ASSET_PATHS = "\"Hub/Preview Content\"";
				DEVELOPMENT_TEAM = 59WWFG63NN;
				ENABLE_PREVIEWS = YES;
				GENERATE_INFOPLIST_FILE = YES;
				INFOPLIST_FILE = Hub/Info.plist;
				INFOPLIST_KEY_UIApplicationSceneManifest_Generation = YES;
				INFOPLIST_KEY_UIApplicationSupportsIndirectInputEvents = YES;
				INFOPLIST_KEY_UILaunchScreen_Generation = YES;
				INFOPLIST_KEY_UISupportedInterfaceOrientations = UIInterfaceOrientationPortrait;
				INFOPLIST_KEY_UISupportedInterfaceOrientations_iPad = "UIInterfaceOrientationLandscapeLeft UIInterfaceOrientationLandscapeRight UIInterfaceOrientationPortrait UIInterfaceOrientationPortraitUpsideDown";
				IPHONEOS_DEPLOYMENT_TARGET = 17.0;
				LD_RUNPATH_SEARCH_PATHS = (
					"$(inherited)",
					"@executable_path/Frameworks",
				);
				MARKETING_VERSION = 1.0;
				PRODUCT_BUNDLE_IDENTIFIER = com.keshevv.Hub;
				PRODUCT_NAME = "$(TARGET_NAME)";
				SUPPORTED_PLATFORMS = "iphoneos iphonesimulator";
				SUPPORTS_MACCATALYST = NO;
				SUPPORTS_MAC_DESIGNED_FOR_IPHONE_IPAD = NO;
				SUPPORTS_XR_DESIGNED_FOR_IPHONE_IPAD = NO;
				SWIFT_EMIT_LOC_STRINGS = YES;
				SWIFT_VERSION = 5.0;
				TARGETED_DEVICE_FAMILY = 1;
			};
			name = Debug;
		};
		868C0AA92DA2E18900B1007E /* Release */ = {
			isa = XCBuildConfiguration;
			buildSettings = {
				ASSETCATALOG_COMPILER_APPICON_NAME = AppIcon;
				ASSETCATALOG_COMPILER_GLOBAL_ACCENT_COLOR_NAME = AccentColor;
				CODE_SIGN_STYLE = Automatic;
				CURRENT_PROJECT_VERSION = 1;
				DEVELOPMENT_ASSET_PATHS = "\"Hub/Preview Content\"";
				DEVELOPMENT_TEAM = 59WWFG63NN;
				ENABLE_PREVIEWS = YES;
				GENERATE_INFOPLIST_FILE = YES;
				INFOPLIST_FILE = Hub/Info.plist;
				INFOPLIST_KEY_UIApplicationSceneManifest_Generation = YES;
				INFOPLIST_KEY_UIApplicationSupportsIndirectInputEvents = YES;
				INFOPLIST_KEY_UILaunchScreen_Generation = YES;
				INFOPLIST_KEY_UISupportedInterfaceOrientations = UIInterfaceOrientationPortrait;
				INFOPLIST_KEY_UISupportedInterfaceOrientations_iPad = "UIInterfaceOrientationLandscapeLeft UIInterfaceOrientationLandscapeRight UIInterfaceOrientationPortrait UIInterfaceOrientationPortraitUpsideDown";
				IPHONEOS_DEPLOYMENT_TARGET = 17.0;
				LD_RUNPATH_SEARCH_PATHS = (
					"$(inherited)",
					"@executable_path/Frameworks",
				);
				MARKETING_VERSION = 1.0;
				PRODUCT_BUNDLE_IDENTIFIER = com.keshevv.Hub;
				PRODUCT_NAME = "$(TARGET_NAME)";
				SUPPORTED_PLATFORMS = "iphoneos iphonesimulator";
				SUPPORTS_MACCATALYST = NO;
				SUPPORTS_MAC_DESIGNED_FOR_IPHONE_IPAD = NO;
				SUPPORTS_XR_DESIGNED_FOR_IPHONE_IPAD = NO;
				SWIFT_EMIT_LOC_STRINGS = YES;
				SWIFT_VERSION = 5.0;
				TARGETED_DEVICE_FAMILY = 1;
			};
			name = Release;
		};
/* End XCBuildConfiguration section */

/* Begin XCConfigurationList section */
		868C0A942DA2E18500B1007E /* Build configuration list for PBXProject "Hub" */ = {
			isa = XCConfigurationList;
			buildConfigurations = (
				868C0AA52DA2E18900B1007E /* Debug */,
				868C0AA62DA2E18900B1007E /* Release */,
			);
			defaultConfigurationIsVisible = 0;
			defaultConfigurationName = Release;
		};
		868C0AA72DA2E18900B1007E /* Build configuration list for PBXNativeTarget "Hub" */ = {
			isa = XCConfigurationList;
			buildConfigurations = (
				868C0AA82DA2E18900B1007E /* Debug */,
				868C0AA92DA2E18900B1007E /* Release */,
			);
			defaultConfigurationIsVisible = 0;
			defaultConfigurationName = Release;
		};
/* End XCConfigurationList section */
	};
	rootObject = 868C0A912DA2E18500B1007E /* Project object */;
}
